// !$*UTF8*$!
{
	archiveVersion = 1;
	classes = {
	};
	objectVersion = 46;
	objects = {

/* Begin PBXBuildFile section */
		01B4352B1D069982002C0BF4 /* AppDelegate.swift in Sources */ = {isa = PBXBuildFile; fileRef = 01B4352A1D069982002C0BF4 /* AppDelegate.swift */; };
		01B435301D069983002C0BF4 /* Main.storyboard in Resources */ = {isa = PBXBuildFile; fileRef = 01B4352E1D069983002C0BF4 /* Main.storyboard */; };
		01B435321D069983002C0BF4 /* Assets.xcassets in Resources */ = {isa = PBXBuildFile; fileRef = 01B435311D069983002C0BF4 /* Assets.xcassets */; };
		01B435351D069983002C0BF4 /* LaunchScreen.storyboard in Resources */ = {isa = PBXBuildFile; fileRef = 01B435331D069983002C0BF4 /* LaunchScreen.storyboard */; };
		01B435401D069983002C0BF4 /* VirtualTouristTests.swift in Sources */ = {isa = PBXBuildFile; fileRef = 01B4353F1D069983002C0BF4 /* VirtualTouristTests.swift */; };
		01B4354B1D069983002C0BF4 /* VirtualTouristUITests.swift in Sources */ = {isa = PBXBuildFile; fileRef = 01B4354A1D069983002C0BF4 /* VirtualTouristUITests.swift */; };
		01B4355D1D06A1D1002C0BF4 /* MapViewController.swift in Sources */ = {isa = PBXBuildFile; fileRef = 01B4355C1D06A1D1002C0BF4 /* MapViewController.swift */; };
		01B4355F1D06A52F002C0BF4 /* MapKit.framework in Frameworks */ = {isa = PBXBuildFile; fileRef = 01B4355E1D06A52F002C0BF4 /* MapKit.framework */; };
		01B435611D06D483002C0BF4 /* MapViewConstants.swift in Sources */ = {isa = PBXBuildFile; fileRef = 01B435601D06D483002C0BF4 /* MapViewConstants.swift */; };
		01B435631D096161002C0BF4 /* CollectionViewController.swift in Sources */ = {isa = PBXBuildFile; fileRef = 01B435621D096161002C0BF4 /* CollectionViewController.swift */; };
		01B435661D098932002C0BF4 /* Model.xcdatamodeld in Sources */ = {isa = PBXBuildFile; fileRef = 01B435641D098932002C0BF4 /* Model.xcdatamodeld */; };
		01B435681D098D01002C0BF4 /* CoreDataStack.swift in Sources */ = {isa = PBXBuildFile; fileRef = 01B435671D098D01002C0BF4 /* CoreDataStack.swift */; };
		01B435761D0BB0DD002C0BF4 /* FlickrClient.swift in Sources */ = {isa = PBXBuildFile; fileRef = 01B435751D0BB0DD002C0BF4 /* FlickrClient.swift */; };
		01B435781D0BB22A002C0BF4 /* FlickrConstants.swift in Sources */ = {isa = PBXBuildFile; fileRef = 01B435771D0BB22A002C0BF4 /* FlickrConstants.swift */; };
		01B4357A1D0BB3C3002C0BF4 /* GCDBlackbox.swift in Sources */ = {isa = PBXBuildFile; fileRef = 01B435791D0BB3C3002C0BF4 /* GCDBlackbox.swift */; };
		01B4357C1D0BB3F5002C0BF4 /* FlickrConvience.swift in Sources */ = {isa = PBXBuildFile; fileRef = 01B4357B1D0BB3F5002C0BF4 /* FlickrConvience.swift */; };
		01B4358F1D0BDD6F002C0BF4 /* ImageCollectionCell.swift in Sources */ = {isa = PBXBuildFile; fileRef = 01B4358E1D0BDD6F002C0BF4 /* ImageCollectionCell.swift */; };
		01B435A61D0C06D7002C0BF4 /* Photo+CoreDataProperties.swift in Sources */ = {isa = PBXBuildFile; fileRef = 01B435A21D0C06D7002C0BF4 /* Photo+CoreDataProperties.swift */; };
		01B435A71D0C06D7002C0BF4 /* Photo.swift in Sources */ = {isa = PBXBuildFile; fileRef = 01B435A31D0C06D7002C0BF4 /* Photo.swift */; };
		01B435A81D0C06D7002C0BF4 /* Pin+CoreDataProperties.swift in Sources */ = {isa = PBXBuildFile; fileRef = 01B435A41D0C06D7002C0BF4 /* Pin+CoreDataProperties.swift */; };
		01B435A91D0C06D7002C0BF4 /* Pin.swift in Sources */ = {isa = PBXBuildFile; fileRef = 01B435A51D0C06D7002C0BF4 /* Pin.swift */; };
/* End PBXBuildFile section */

/* Begin PBXContainerItemProxy section */
		01B4353C1D069983002C0BF4 /* PBXContainerItemProxy */ = {
			isa = PBXContainerItemProxy;
			containerPortal = 01B4351F1D069982002C0BF4 /* Project object */;
			proxyType = 1;
			remoteGlobalIDString = 01B435261D069982002C0BF4;
			remoteInfo = VirtualTourist;
		};
		01B435471D069983002C0BF4 /* PBXContainerItemProxy */ = {
			isa = PBXContainerItemProxy;
			containerPortal = 01B4351F1D069982002C0BF4 /* Project object */;
			proxyType = 1;
			remoteGlobalIDString = 01B435261D069982002C0BF4;
			remoteInfo = VirtualTourist;
		};
/* End PBXContainerItemProxy section */

/* Begin PBXFileReference section */
		010617451D12C4830006451A /* Model 4.xcdatamodel */ = {isa = PBXFileReference; lastKnownFileType = wrapper.xcdatamodel; path = "Model 4.xcdatamodel"; sourceTree = "<group>"; };
		01B435271D069982002C0BF4 /* VirtualTourist.app */ = {isa = PBXFileReference; explicitFileType = wrapper.application; includeInIndex = 0; path = VirtualTourist.app; sourceTree = BUILT_PRODUCTS_DIR; };
		01B4352A1D069982002C0BF4 /* AppDelegate.swift */ = {isa = PBXFileReference; lastKnownFileType = sourcecode.swift; path = AppDelegate.swift; sourceTree = "<group>"; };
		01B4352F1D069983002C0BF4 /* Base */ = {isa = PBXFileReference; lastKnownFileType = file.storyboard; name = Base; path = Base.lproj/Main.storyboard; sourceTree = "<group>"; };
		01B435311D069983002C0BF4 /* Assets.xcassets */ = {isa = PBXFileReference; lastKnownFileType = folder.assetcatalog; path = Assets.xcassets; sourceTree = "<group>"; };
		01B435341D069983002C0BF4 /* Base */ = {isa = PBXFileReference; lastKnownFileType = file.storyboard; name = Base; path = Base.lproj/LaunchScreen.storyboard; sourceTree = "<group>"; };
		01B435361D069983002C0BF4 /* Info.plist */ = {isa = PBXFileReference; lastKnownFileType = text.plist.xml; path = Info.plist; sourceTree = "<group>"; };
		01B4353B1D069983002C0BF4 /* VirtualTouristTests.xctest */ = {isa = PBXFileReference; explicitFileType = wrapper.cfbundle; includeInIndex = 0; path = VirtualTouristTests.xctest; sourceTree = BUILT_PRODUCTS_DIR; };
		01B4353F1D069983002C0BF4 /* VirtualTouristTests.swift */ = {isa = PBXFileReference; lastKnownFileType = sourcecode.swift; path = VirtualTouristTests.swift; sourceTree = "<group>"; };
		01B435411D069983002C0BF4 /* Info.plist */ = {isa = PBXFileReference; lastKnownFileType = text.plist.xml; path = Info.plist; sourceTree = "<group>"; };
		01B435461D069983002C0BF4 /* VirtualTouristUITests.xctest */ = {isa = PBXFileReference; explicitFileType = wrapper.cfbundle; includeInIndex = 0; path = VirtualTouristUITests.xctest; sourceTree = BUILT_PRODUCTS_DIR; };
		01B4354A1D069983002C0BF4 /* VirtualTouristUITests.swift */ = {isa = PBXFileReference; lastKnownFileType = sourcecode.swift; path = VirtualTouristUITests.swift; sourceTree = "<group>"; };
		01B4354C1D069983002C0BF4 /* Info.plist */ = {isa = PBXFileReference; lastKnownFileType = text.plist.xml; path = Info.plist; sourceTree = "<group>"; };
		01B4355C1D06A1D1002C0BF4 /* MapViewController.swift */ = {isa = PBXFileReference; fileEncoding = 4; lastKnownFileType = sourcecode.swift; path = MapViewController.swift; sourceTree = "<group>"; };
		01B4355E1D06A52F002C0BF4 /* MapKit.framework */ = {isa = PBXFileReference; lastKnownFileType = wrapper.framework; name = MapKit.framework; path = System/Library/Frameworks/MapKit.framework; sourceTree = SDKROOT; };
		01B435601D06D483002C0BF4 /* MapViewConstants.swift */ = {isa = PBXFileReference; fileEncoding = 4; lastKnownFileType = sourcecode.swift; path = MapViewConstants.swift; sourceTree = "<group>"; };
		01B435621D096161002C0BF4 /* CollectionViewController.swift */ = {isa = PBXFileReference; fileEncoding = 4; lastKnownFileType = sourcecode.swift; path = CollectionViewController.swift; sourceTree = "<group>"; };
		01B435651D098932002C0BF4 /* Model.xcdatamodel */ = {isa = PBXFileReference; lastKnownFileType = wrapper.xcdatamodel; path = Model.xcdatamodel; sourceTree = "<group>"; };
		01B435671D098D01002C0BF4 /* CoreDataStack.swift */ = {isa = PBXFileReference; fileEncoding = 4; lastKnownFileType = sourcecode.swift; path = CoreDataStack.swift; sourceTree = "<group>"; };
		01B435751D0BB0DD002C0BF4 /* FlickrClient.swift */ = {isa = PBXFileReference; fileEncoding = 4; lastKnownFileType = sourcecode.swift; path = FlickrClient.swift; sourceTree = "<group>"; };
		01B435771D0BB22A002C0BF4 /* FlickrConstants.swift */ = {isa = PBXFileReference; fileEncoding = 4; lastKnownFileType = sourcecode.swift; path = FlickrConstants.swift; sourceTree = "<group>"; };
		01B435791D0BB3C3002C0BF4 /* GCDBlackbox.swift */ = {isa = PBXFileReference; fileEncoding = 4; lastKnownFileType = sourcecode.swift; path = GCDBlackbox.swift; sourceTree = "<group>"; };
		01B4357B1D0BB3F5002C0BF4 /* FlickrConvience.swift */ = {isa = PBXFileReference; fileEncoding = 4; lastKnownFileType = sourcecode.swift; path = FlickrConvience.swift; sourceTree = "<group>"; };
		01B4357D1D0BD588002C0BF4 /* Model 2.xcdatamodel */ = {isa = PBXFileReference; lastKnownFileType = wrapper.xcdatamodel; path = "Model 2.xcdatamodel"; sourceTree = "<group>"; };
		01B4358E1D0BDD6F002C0BF4 /* ImageCollectionCell.swift */ = {isa = PBXFileReference; fileEncoding = 4; lastKnownFileType = sourcecode.swift; path = ImageCollectionCell.swift; sourceTree = "<group>"; };
		01B435981D0C046F002C0BF4 /* Model 3.xcdatamodel */ = {isa = PBXFileReference; lastKnownFileType = wrapper.xcdatamodel; path = "Model 3.xcdatamodel"; sourceTree = "<group>"; };
		01B435A21D0C06D7002C0BF4 /* Photo+CoreDataProperties.swift */ = {isa = PBXFileReference; fileEncoding = 4; lastKnownFileType = sourcecode.swift; path = "Photo+CoreDataProperties.swift"; sourceTree = "<group>"; };
		01B435A31D0C06D7002C0BF4 /* Photo.swift */ = {isa = PBXFileReference; fileEncoding = 4; lastKnownFileType = sourcecode.swift; path = Photo.swift; sourceTree = "<group>"; };
		01B435A41D0C06D7002C0BF4 /* Pin+CoreDataProperties.swift */ = {isa = PBXFileReference; fileEncoding = 4; lastKnownFileType = sourcecode.swift; path = "Pin+CoreDataProperties.swift"; sourceTree = "<group>"; };
		01B435A51D0C06D7002C0BF4 /* Pin.swift */ = {isa = PBXFileReference; fileEncoding = 4; lastKnownFileType = sourcecode.swift; path = Pin.swift; sourceTree = "<group>"; };
/* End PBXFileReference section */

/* Begin PBXFrameworksBuildPhase section */
		01B435241D069982002C0BF4 /* Frameworks */ = {
			isa = PBXFrameworksBuildPhase;
			buildActionMask = 2147483647;
			files = (
				01B4355F1D06A52F002C0BF4 /* MapKit.framework in Frameworks */,
			);
			runOnlyForDeploymentPostprocessing = 0;
		};
		01B435381D069983002C0BF4 /* Frameworks */ = {
			isa = PBXFrameworksBuildPhase;
			buildActionMask = 2147483647;
			files = (
			);
			runOnlyForDeploymentPostprocessing = 0;
		};
		01B435431D069983002C0BF4 /* Frameworks */ = {
			isa = PBXFrameworksBuildPhase;
			buildActionMask = 2147483647;
			files = (
			);
			runOnlyForDeploymentPostprocessing = 0;
		};
/* End PBXFrameworksBuildPhase section */

/* Begin PBXGroup section */
		01B4351E1D069982002C0BF4 = {
			isa = PBXGroup;
			children = (
				01B4355E1D06A52F002C0BF4 /* MapKit.framework */,
				01B435291D069982002C0BF4 /* VirtualTourist */,
				01B4353E1D069983002C0BF4 /* VirtualTouristTests */,
				01B435491D069983002C0BF4 /* VirtualTouristUITests */,
				01B435281D069982002C0BF4 /* Products */,
			);
			sourceTree = "<group>";
		};
		01B435281D069982002C0BF4 /* Products */ = {
			isa = PBXGroup;
			children = (
				01B435271D069982002C0BF4 /* VirtualTourist.app */,
				01B4353B1D069983002C0BF4 /* VirtualTouristTests.xctest */,
				01B435461D069983002C0BF4 /* VirtualTouristUITests.xctest */,
			);
			name = Products;
			sourceTree = "<group>";
		};
		01B435291D069982002C0BF4 /* VirtualTourist */ = {
			isa = PBXGroup;
			children = (
				01B4355B1D069A98002C0BF4 /* View */,
				01B4355A1D069A6D002C0BF4 /* Assets */,
				01B435591D069A45002C0BF4 /* Controllers */,
				01B435581D069A3E002C0BF4 /* Model */,
				01B4352A1D069982002C0BF4 /* AppDelegate.swift */,
				01B435791D0BB3C3002C0BF4 /* GCDBlackbox.swift */,
			);
			path = VirtualTourist;
			sourceTree = "<group>";
		};
		01B4353E1D069983002C0BF4 /* VirtualTouristTests */ = {
			isa = PBXGroup;
			children = (
				01B4353F1D069983002C0BF4 /* VirtualTouristTests.swift */,
				01B435411D069983002C0BF4 /* Info.plist */,
			);
			path = VirtualTouristTests;
			sourceTree = "<group>";
		};
		01B435491D069983002C0BF4 /* VirtualTouristUITests */ = {
			isa = PBXGroup;
			children = (
				01B4354A1D069983002C0BF4 /* VirtualTouristUITests.swift */,
				01B4354C1D069983002C0BF4 /* Info.plist */,
			);
			path = VirtualTouristUITests;
			sourceTree = "<group>";
		};
		01B435581D069A3E002C0BF4 /* Model */ = {
			isa = PBXGroup;
			children = (
				01B435991D0C04AC002C0BF4 /* CoreData */,
				01B435731D0BB09D002C0BF4 /* Clients */,
				01B435601D06D483002C0BF4 /* MapViewConstants.swift */,
				01B435671D098D01002C0BF4 /* CoreDataStack.swift */,
			);
			name = Model;
			sourceTree = "<group>";
		};
		01B435591D069A45002C0BF4 /* Controllers */ = {
			isa = PBXGroup;
			children = (
				01B4355C1D06A1D1002C0BF4 /* MapViewController.swift */,
				01B435621D096161002C0BF4 /* CollectionViewController.swift */,
			);
			name = Controllers;
			sourceTree = "<group>";
		};
		01B4355A1D069A6D002C0BF4 /* Assets */ = {
			isa = PBXGroup;
			children = (
				01B4352E1D069983002C0BF4 /* Main.storyboard */,
				01B435331D069983002C0BF4 /* LaunchScreen.storyboard */,
				01B435361D069983002C0BF4 /* Info.plist */,
				01B435311D069983002C0BF4 /* Assets.xcassets */,
			);
			name = Assets;
			sourceTree = "<group>";
		};
		01B4355B1D069A98002C0BF4 /* View */ = {
			isa = PBXGroup;
			children = (
				01B4358E1D0BDD6F002C0BF4 /* ImageCollectionCell.swift */,
			);
			name = View;
			sourceTree = "<group>";
		};
		01B435731D0BB09D002C0BF4 /* Clients */ = {
			isa = PBXGroup;
			children = (
				01B435741D0BB0BD002C0BF4 /* Flickr */,
			);
			name = Clients;
			sourceTree = "<group>";
		};
		01B435741D0BB0BD002C0BF4 /* Flickr */ = {
			isa = PBXGroup;
			children = (
				01B435751D0BB0DD002C0BF4 /* FlickrClient.swift */,
				01B435771D0BB22A002C0BF4 /* FlickrConstants.swift */,
				01B4357B1D0BB3F5002C0BF4 /* FlickrConvience.swift */,
			);
			name = Flickr;
			sourceTree = "<group>";
		};
		01B435991D0C04AC002C0BF4 /* CoreData */ = {
			isa = PBXGroup;
			children = (
				01B435A21D0C06D7002C0BF4 /* Photo+CoreDataProperties.swift */,
				01B435A31D0C06D7002C0BF4 /* Photo.swift */,
				01B435A41D0C06D7002C0BF4 /* Pin+CoreDataProperties.swift */,
				01B435A51D0C06D7002C0BF4 /* Pin.swift */,
				01B435641D098932002C0BF4 /* Model.xcdatamodeld */,
			);
			name = CoreData;
			sourceTree = "<group>";
		};
/* End PBXGroup section */

/* Begin PBXNativeTarget section */
		01B435261D069982002C0BF4 /* VirtualTourist */ = {
			isa = PBXNativeTarget;
			buildConfigurationList = 01B4354F1D069983002C0BF4 /* Build configuration list for PBXNativeTarget "VirtualTourist" */;
			buildPhases = (
				01B435231D069982002C0BF4 /* Sources */,
				01B435241D069982002C0BF4 /* Frameworks */,
				01B435251D069982002C0BF4 /* Resources */,
			);
			buildRules = (
			);
			dependencies = (
			);
			name = VirtualTourist;
			productName = VirtualTourist;
			productReference = 01B435271D069982002C0BF4 /* VirtualTourist.app */;
			productType = "com.apple.product-type.application";
		};
		01B4353A1D069983002C0BF4 /* VirtualTouristTests */ = {
			isa = PBXNativeTarget;
			buildConfigurationList = 01B435521D069983002C0BF4 /* Build configuration list for PBXNativeTarget "VirtualTouristTests" */;
			buildPhases = (
				01B435371D069983002C0BF4 /* Sources */,
				01B435381D069983002C0BF4 /* Frameworks */,
				01B435391D069983002C0BF4 /* Resources */,
			);
			buildRules = (
			);
			dependencies = (
				01B4353D1D069983002C0BF4 /* PBXTargetDependency */,
			);
			name = VirtualTouristTests;
			productName = VirtualTouristTests;
			productReference = 01B4353B1D069983002C0BF4 /* VirtualTouristTests.xctest */;
			productType = "com.apple.product-type.bundle.unit-test";
		};
		01B435451D069983002C0BF4 /* VirtualTouristUITests */ = {
			isa = PBXNativeTarget;
			buildConfigurationList = 01B435551D069983002C0BF4 /* Build configuration list for PBXNativeTarget "VirtualTouristUITests" */;
			buildPhases = (
				01B435421D069983002C0BF4 /* Sources */,
				01B435431D069983002C0BF4 /* Frameworks */,
				01B435441D069983002C0BF4 /* Resources */,
			);
			buildRules = (
			);
			dependencies = (
				01B435481D069983002C0BF4 /* PBXTargetDependency */,
			);
			name = VirtualTouristUITests;
			productName = VirtualTouristUITests;
			productReference = 01B435461D069983002C0BF4 /* VirtualTouristUITests.xctest */;
			productType = "com.apple.product-type.bundle.ui-testing";
		};
/* End PBXNativeTarget section */

/* Begin PBXProject section */
		01B4351F1D069982002C0BF4 /* Project object */ = {
			isa = PBXProject;
			attributes = {
				LastSwiftUpdateCheck = 0720;
				LastUpgradeCheck = 0720;
				ORGANIZATIONNAME = ghunt03;
				TargetAttributes = {
					01B435261D069982002C0BF4 = {
						CreatedOnToolsVersion = 7.2.1;
						SystemCapabilities = {
							com.apple.Maps.iOS = {
								enabled = 1;
							};
						};
					};
					01B4353A1D069983002C0BF4 = {
						CreatedOnToolsVersion = 7.2.1;
						TestTargetID = 01B435261D069982002C0BF4;
					};
					01B435451D069983002C0BF4 = {
						CreatedOnToolsVersion = 7.2.1;
						TestTargetID = 01B435261D069982002C0BF4;
					};
				};
			};
			buildConfigurationList = 01B435221D069982002C0BF4 /* Build configuration list for PBXProject "VirtualTourist" */;
			compatibilityVersion = "Xcode 3.2";
			developmentRegion = English;
			hasScannedForEncodings = 0;
			knownRegions = (
				en,
				Base,
			);
			mainGroup = 01B4351E1D069982002C0BF4;
			productRefGroup = 01B435281D069982002C0BF4 /* Products */;
			projectDirPath = "";
			projectRoot = "";
			targets = (
				01B435261D069982002C0BF4 /* VirtualTourist */,
				01B4353A1D069983002C0BF4 /* VirtualTouristTests */,
				01B435451D069983002C0BF4 /* VirtualTouristUITests */,
			);
		};
/* End PBXProject section */

/* Begin PBXResourcesBuildPhase section */
		01B435251D069982002C0BF4 /* Resources */ = {
			isa = PBXResourcesBuildPhase;
			buildActionMask = 2147483647;
			files = (
				01B435351D069983002C0BF4 /* LaunchScreen.storyboard in Resources */,
				01B435321D069983002C0BF4 /* Assets.xcassets in Resources */,
				01B435301D069983002C0BF4 /* Main.storyboard in Resources */,
			);
			runOnlyForDeploymentPostprocessing = 0;
		};
		01B435391D069983002C0BF4 /* Resources */ = {
			isa = PBXResourcesBuildPhase;
			buildActionMask = 2147483647;
			files = (
			);
			runOnlyForDeploymentPostprocessing = 0;
		};
		01B435441D069983002C0BF4 /* Resources */ = {
			isa = PBXResourcesBuildPhase;
			buildActionMask = 2147483647;
			files = (
			);
			runOnlyForDeploymentPostprocessing = 0;
		};
/* End PBXResourcesBuildPhase section */

/* Begin PBXSourcesBuildPhase section */
		01B435231D069982002C0BF4 /* Sources */ = {
			isa = PBXSourcesBuildPhase;
			buildActionMask = 2147483647;
			files = (
				01B435A91D0C06D7002C0BF4 /* Pin.swift in Sources */,
				01B435631D096161002C0BF4 /* CollectionViewController.swift in Sources */,
				01B4358F1D0BDD6F002C0BF4 /* ImageCollectionCell.swift in Sources */,
				01B4352B1D069982002C0BF4 /* AppDelegate.swift in Sources */,
				01B435A81D0C06D7002C0BF4 /* Pin+CoreDataProperties.swift in Sources */,
				01B435661D098932002C0BF4 /* Model.xcdatamodeld in Sources */,
				01B435681D098D01002C0BF4 /* CoreDataStack.swift in Sources */,
				01B4357A1D0BB3C3002C0BF4 /* GCDBlackbox.swift in Sources */,
				01B435A71D0C06D7002C0BF4 /* Photo.swift in Sources */,
				01B435A61D0C06D7002C0BF4 /* Photo+CoreDataProperties.swift in Sources */,
				01B435781D0BB22A002C0BF4 /* FlickrConstants.swift in Sources */,
				01B4355D1D06A1D1002C0BF4 /* MapViewController.swift in Sources */,
				01B4357C1D0BB3F5002C0BF4 /* FlickrConvience.swift in Sources */,
				01B435611D06D483002C0BF4 /* MapViewConstants.swift in Sources */,
				01B435761D0BB0DD002C0BF4 /* FlickrClient.swift in Sources */,
			);
			runOnlyForDeploymentPostprocessing = 0;
		};
		01B435371D069983002C0BF4 /* Sources */ = {
			isa = PBXSourcesBuildPhase;
			buildActionMask = 2147483647;
			files = (
				01B435401D069983002C0BF4 /* VirtualTouristTests.swift in Sources */,
			);
			runOnlyForDeploymentPostprocessing = 0;
		};
		01B435421D069983002C0BF4 /* Sources */ = {
			isa = PBXSourcesBuildPhase;
			buildActionMask = 2147483647;
			files = (
				01B4354B1D069983002C0BF4 /* VirtualTouristUITests.swift in Sources */,
			);
			runOnlyForDeploymentPostprocessing = 0;
		};
/* End PBXSourcesBuildPhase section */

/* Begin PBXTargetDependency section */
		01B4353D1D069983002C0BF4 /* PBXTargetDependency */ = {
			isa = PBXTargetDependency;
			target = 01B435261D069982002C0BF4 /* VirtualTourist */;
			targetProxy = 01B4353C1D069983002C0BF4 /* PBXContainerItemProxy */;
		};
		01B435481D069983002C0BF4 /* PBXTargetDependency */ = {
			isa = PBXTargetDependency;
			target = 01B435261D069982002C0BF4 /* VirtualTourist */;
			targetProxy = 01B435471D069983002C0BF4 /* PBXContainerItemProxy */;
		};
/* End PBXTargetDependency section */

/* Begin PBXVariantGroup section */
		01B4352E1D069983002C0BF4 /* Main.storyboard */ = {
			isa = PBXVariantGroup;
			children = (
				01B4352F1D069983002C0BF4 /* Base */,
			);
			name = Main.storyboard;
			sourceTree = "<group>";
		};
		01B435331D069983002C0BF4 /* LaunchScreen.storyboard */ = {
			isa = PBXVariantGroup;
			children = (
				01B435341D069983002C0BF4 /* Base */,
			);
			name = LaunchScreen.storyboard;
			sourceTree = "<group>";
		};
/* End PBXVariantGroup section */

/* Begin XCBuildConfiguration section */
		01B4354D1D069983002C0BF4 /* Debug */ = {
			isa = XCBuildConfiguration;
			buildSettings = {
				ALWAYS_SEARCH_USER_PATHS = NO;
				CLANG_CXX_LANGUAGE_STANDARD = "gnu++0x";
				CLANG_CXX_LIBRARY = "libc++";
				CLANG_ENABLE_MODULES = YES;
				CLANG_ENABLE_OBJC_ARC = YES;
				CLANG_WARN_BOOL_CONVERSION = YES;
				CLANG_WARN_CONSTANT_CONVERSION = YES;
				CLANG_WARN_DIRECT_OBJC_ISA_USAGE = YES_ERROR;
				CLANG_WARN_EMPTY_BODY = YES;
				CLANG_WARN_ENUM_CONVERSION = YES;
				CLANG_WARN_INT_CONVERSION = YES;
				CLANG_WARN_OBJC_ROOT_CLASS = YES_ERROR;
				CLANG_WARN_UNREACHABLE_CODE = YES;
				CLANG_WARN__DUPLICATE_METHOD_MATCH = YES;
				"CODE_SIGN_IDENTITY[sdk=iphoneos*]" = "iPhone Developer";
				COPY_PHASE_STRIP = NO;
				DEBUG_INFORMATION_FORMAT = dwarf;
				ENABLE_STRICT_OBJC_MSGSEND = YES;
				ENABLE_TESTABILITY = YES;
				GCC_C_LANGUAGE_STANDARD = gnu99;
				GCC_DYNAMIC_NO_PIC = NO;
				GCC_NO_COMMON_BLOCKS = YES;
				GCC_OPTIMIZATION_LEVEL = 0;
				GCC_PREPROCESSOR_DEFINITIONS = (
					"DEBUG=1",
					"$(inherited)",
				);
				GCC_WARN_64_TO_32_BIT_CONVERSION = YES;
				GCC_WARN_ABOUT_RETURN_TYPE = YES_ERROR;
				GCC_WARN_UNDECLARED_SELECTOR = YES;
				GCC_WARN_UNINITIALIZED_AUTOS = YES_AGGRESSIVE;
				GCC_WARN_UNUSED_FUNCTION = YES;
				GCC_WARN_UNUSED_VARIABLE = YES;
				IPHONEOS_DEPLOYMENT_TARGET = 9.2;
				MTL_ENABLE_DEBUG_INFO = YES;
				ONLY_ACTIVE_ARCH = YES;
				SDKROOT = iphoneos;
				SWIFT_OPTIMIZATION_LEVEL = "-Onone";
			};
			name = Debug;
		};
		01B4354E1D069983002C0BF4 /* Release */ = {
			isa = XCBuildConfiguration;
			buildSettings = {
				ALWAYS_SEARCH_USER_PATHS = NO;
				CLANG_CXX_LANGUAGE_STANDARD = "gnu++0x";
				CLANG_CXX_LIBRARY = "libc++";
				CLANG_ENABLE_MODULES = YES;
				CLANG_ENABLE_OBJC_ARC = YES;
				CLANG_WARN_BOOL_CONVERSION = YES;
				CLANG_WARN_CONSTANT_CONVERSION = YES;
				CLANG_WARN_DIRECT_OBJC_ISA_USAGE = YES_ERROR;
				CLANG_WARN_EMPTY_BODY = YES;
				CLANG_WARN_ENUM_CONVERSION = YES;
				CLANG_WARN_INT_CONVERSION = YES;
				CLANG_WARN_OBJC_ROOT_CLASS = YES_ERROR;
				CLANG_WARN_UNREACHABLE_CODE = YES;
				CLANG_WARN__DUPLICATE_METHOD_MATCH = YES;
				"CODE_SIGN_IDENTITY[sdk=iphoneos*]" = "iPhone Developer";
				COPY_PHASE_STRIP = NO;
				DEBUG_INFORMATION_FORMAT = "dwarf-with-dsym";
				ENABLE_NS_ASSERTIONS = NO;
				ENABLE_STRICT_OBJC_MSGSEND = YES;
				GCC_C_LANGUAGE_STANDARD = gnu99;
				GCC_NO_COMMON_BLOCKS = YES;
				GCC_WARN_64_TO_32_BIT_CONVERSION = YES;
				GCC_WARN_ABOUT_RETURN_TYPE = YES_ERROR;
				GCC_WARN_UNDECLARED_SELECTOR = YES;
				GCC_WARN_UNINITIALIZED_AUTOS = YES_AGGRESSIVE;
				GCC_WARN_UNUSED_FUNCTION = YES;
				GCC_WARN_UNUSED_VARIABLE = YES;
				IPHONEOS_DEPLOYMENT_TARGET = 9.2;
				MTL_ENABLE_DEBUG_INFO = NO;
				SDKROOT = iphoneos;
				VALIDATE_PRODUCT = YES;
			};
			name = Release;
		};
		01B435501D069983002C0BF4 /* Debug */ = {
			isa = XCBuildConfiguration;
			buildSettings = {
				ASSETCATALOG_COMPILER_APPICON_NAME = AppIcon;
				INFOPLIST_FILE = VirtualTourist/Info.plist;
				LD_RUNPATH_SEARCH_PATHS = "$(inherited) @executable_path/Frameworks";
				PRODUCT_BUNDLE_IDENTIFIER = ghunt03.VirtualTourist;
				PRODUCT_NAME = "$(TARGET_NAME)";
			};
			name = Debug;
		};
		01B435511D069983002C0BF4 /* Release */ = {
			isa = XCBuildConfiguration;
			buildSettings = {
				ASSETCATALOG_COMPILER_APPICON_NAME = AppIcon;
				INFOPLIST_FILE = VirtualTourist/Info.plist;
				LD_RUNPATH_SEARCH_PATHS = "$(inherited) @executable_path/Frameworks";
				PRODUCT_BUNDLE_IDENTIFIER = ghunt03.VirtualTourist;
				PRODUCT_NAME = "$(TARGET_NAME)";
			};
			name = Release;
		};
		01B435531D069983002C0BF4 /* Debug */ = {
			isa = XCBuildConfiguration;
			buildSettings = {
				BUNDLE_LOADER = "$(TEST_HOST)";
				INFOPLIST_FILE = VirtualTouristTests/Info.plist;
				LD_RUNPATH_SEARCH_PATHS = "$(inherited) @executable_path/Frameworks @loader_path/Frameworks";
				PRODUCT_BUNDLE_IDENTIFIER = ghunt03.VirtualTouristTests;
				PRODUCT_NAME = "$(TARGET_NAME)";
				TEST_HOST = "$(BUILT_PRODUCTS_DIR)/VirtualTourist.app/VirtualTourist";
			};
			name = Debug;
		};
		01B435541D069983002C0BF4 /* Release */ = {
			isa = XCBuildConfiguration;
			buildSettings = {
				BUNDLE_LOADER = "$(TEST_HOST)";
				INFOPLIST_FILE = VirtualTouristTests/Info.plist;
				LD_RUNPATH_SEARCH_PATHS = "$(inherited) @executable_path/Frameworks @loader_path/Frameworks";
				PRODUCT_BUNDLE_IDENTIFIER = ghunt03.VirtualTouristTests;
				PRODUCT_NAME = "$(TARGET_NAME)";
				TEST_HOST = "$(BUILT_PRODUCTS_DIR)/VirtualTourist.app/VirtualTourist";
			};
			name = Release;
		};
		01B435561D069983002C0BF4 /* Debug */ = {
			isa = XCBuildConfiguration;
			buildSettings = {
				INFOPLIST_FILE = VirtualTouristUITests/Info.plist;
				LD_RUNPATH_SEARCH_PATHS = "$(inherited) @executable_path/Frameworks @loader_path/Frameworks";
				PRODUCT_BUNDLE_IDENTIFIER = ghunt03.VirtualTouristUITests;
				PRODUCT_NAME = "$(TARGET_NAME)";
				TEST_TARGET_NAME = VirtualTourist;
				USES_XCTRUNNER = YES;
			};
			name = Debug;
		};
		01B435571D069983002C0BF4 /* Release */ = {
			isa = XCBuildConfiguration;
			buildSettings = {
				INFOPLIST_FILE = VirtualTouristUITests/Info.plist;
				LD_RUNPATH_SEARCH_PATHS = "$(inherited) @executable_path/Frameworks @loader_path/Frameworks";
				PRODUCT_BUNDLE_IDENTIFIER = ghunt03.VirtualTouristUITests;
				PRODUCT_NAME = "$(TARGET_NAME)";
				TEST_TARGET_NAME = VirtualTourist;
				USES_XCTRUNNER = YES;
			};
			name = Release;
		};
/* End XCBuildConfiguration section */

/* Begin XCConfigurationList section */
		01B435221D069982002C0BF4 /* Build configuration list for PBXProject "VirtualTourist" */ = {
			isa = XCConfigurationList;
			buildConfigurations = (
				01B4354D1D069983002C0BF4 /* Debug */,
				01B4354E1D069983002C0BF4 /* Release */,
			);
			defaultConfigurationIsVisible = 0;
			defaultConfigurationName = Release;
		};
		01B4354F1D069983002C0BF4 /* Build configuration list for PBXNativeTarget "VirtualTourist" */ = {
			isa = XCConfigurationList;
			buildConfigurations = (
				01B435501D069983002C0BF4 /* Debug */,
				01B435511D069983002C0BF4 /* Release */,
			);
			defaultConfigurationIsVisible = 0;
			defaultConfigurationName = Release;
		};
		01B435521D069983002C0BF4 /* Build configuration list for PBXNativeTarget "VirtualTouristTests" */ = {
			isa = XCConfigurationList;
			buildConfigurations = (
				01B435531D069983002C0BF4 /* Debug */,
				01B435541D069983002C0BF4 /* Release */,
			);
			defaultConfigurationIsVisible = 0;
			defaultConfigurationName = Release;
		};
		01B435551D069983002C0BF4 /* Build configuration list for PBXNativeTarget "VirtualTouristUITests" */ = {
			isa = XCConfigurationList;
			buildConfigurations = (
				01B435561D069983002C0BF4 /* Debug */,
				01B435571D069983002C0BF4 /* Release */,
			);
			defaultConfigurationIsVisible = 0;
			defaultConfigurationName = Release;
		};
/* End XCConfigurationList section */

/* Begin XCVersionGroup section */
		01B435641D098932002C0BF4 /* Model.xcdatamodeld */ = {
			isa = XCVersionGroup;
			children = (
				010617451D12C4830006451A /* Model 4.xcdatamodel */,
				01B435981D0C046F002C0BF4 /* Model 3.xcdatamodel */,
				01B4357D1D0BD588002C0BF4 /* Model 2.xcdatamodel */,
				01B435651D098932002C0BF4 /* Model.xcdatamodel */,
			);
			currentVersion = 010617451D12C4830006451A /* Model 4.xcdatamodel */;
			path = Model.xcdatamodeld;
			sourceTree = "<group>";
			versionGroupType = wrapper.xcdatamodel;
		};
/* End XCVersionGroup section */
	};
	rootObject = 01B4351F1D069982002C0BF4 /* Project object */;
}
